{
    "hash": "4c464595a4fc8a02e30e7fe7e016c699",
    "packages": [
        {
            "package": "dflydev/markdown",
            "version": "dev-master",
            "alias-pretty-version": "1.0.x-dev",
            "alias-version": "1.0.9999999.9999999-dev"
        },
        {
            "package": "dflydev/markdown",
            "version": "dev-master",
            "source-reference": "11f8faa2d17f717a038b4d372abd22a6ac4a15dc",
            "commit-date": "1342369887"
        },
        {
            "package": "doctrine/common",
            "version": "2.2.3"
        },
        {
            "package": "doctrine/dbal",
            "version": "2.2.x-dev",
            "source-reference": "912c2de3a7b702db9568f7da147c5c65a792eb98",
            "commit-date": "1349518977"
        },
        {
            "package": "doctrine/doctrine-bundle",
            "version": "dev-master",
            "source-reference": "e69a6fd75fa3979e35b7004e6da6e9aea3765997",
            "commit-date": "1349273376"
        },
        {
            "package": "doctrine/orm",
            "version": "2.2.x-dev",
            "source-reference": "f0b482249c397bab7bd1c23e805c4afc0e920f7f",
            "commit-date": "1349460462"
        },
        {
            "package": "friendsofsymfony/oauth-server-bundle",
            "version": "dev-master",
            "source-reference": "10f37570099292da5fb73b42d69b59961a27ebc6",
            "commit-date": "1349391326"
        },
        {
            "package": "friendsofsymfony/oauth2-php",
            "version": "dev-master",
            "alias-pretty-version": "1.0.x-dev",
            "alias-version": "1.0.9999999.9999999-dev"
        },
        {
            "package": "friendsofsymfony/oauth2-php",
            "version": "dev-master",
            "source-reference": "cd904a5b987fb881127818fe23999313330bb013",
            "commit-date": "1348072369"
        },
        {
            "package": "friendsofsymfony/rest",
            "version": "dev-master",
            "alias-pretty-version": "0.8.x-dev",
            "alias-version": "0.8.9999999.9999999-dev"
        },
        {
            "package": "friendsofsymfony/rest",
            "version": "dev-master",
            "source-reference": "b48857315c39715245303fb5bbc1bab98026209e",
            "commit-date": "1347135166"
        },
        {
            "package": "friendsofsymfony/rest-bundle",
            "version": "dev-master",
            "source-reference": "7dc85eb2ac086f98ff56a6af7a9f02d1bf7d951d",
            "commit-date": "1349279512"
        },
        {
            "package": "friendsofsymfony/user-bundle",
            "version": "dev-master",
            "source-reference": "51b0fa8fbb637940ebc9060386d95a75fd5ac51a",
            "commit-date": "1349476472"
        },
        {
            "package": "jms/aop-bundle",
            "version": "1.0.0"
        },
        {
            "package": "jms/cg",
            "version": "1.0.0"
        },
        {
            "package": "jms/di-extra-bundle",
            "version": "1.0.1"
        },
        {
            "package": "jms/metadata",
            "version": "1.1.1"
        },
        {
            "package": "jms/security-extra-bundle",
            "version": "1.1.0"
        },
        {
            "package": "jms/serializer-bundle",
            "version": "0.9.0"
        },
        {
            "package": "kriswallsmith/assetic",
            "version": "dev-master",
            "alias-pretty-version": "1.1.x-dev",
            "alias-version": "1.1.9999999.9999999-dev"
        },
        {
            "package": "kriswallsmith/assetic",
            "version": "dev-master",
            "source-reference": "e22c5e07e672bb0cf43127e97e9368b53abf4aa8",
            "commit-date": "1349004759"
        },
        {
            "package": "monolog/monolog",
            "version": "dev-master",
            "alias-pretty-version": "1.3.x-dev",
            "alias-version": "1.3.9999999.9999999-dev"
        },
        {
            "package": "monolog/monolog",
            "version": "dev-master",
            "source-reference": "09b3a80cfaf3e323e348a5e817afeee98d5e6b48",
            "commit-date": "1347983448"
        },
        {
            "package": "nelmio/api-doc-bundle",
            "version": "dev-master",
            "source-reference": "4cb71512f9ad9b0c3874bb04c95669822cad5042",
            "commit-date": "1347476338"
        },
        {
            "package": "sensio/distribution-bundle",
            "version": "2.1.x-dev",
            "source-reference": "v2.1.1",
            "commit-date": "1347340208"
        },
        {
            "package": "sensio/framework-extra-bundle",
            "version": "2.1.x-dev",
            "source-reference": "bf2ea090d602e02b975d1bf1d8ffca8f02ef8bdb",
            "commit-date": "1349361259"
        },
        {
            "package": "sensio/generator-bundle",
            "version": "2.1.x-dev",
            "source-reference": "3a65c9bf7d31aecacffc15a48f5eb2ece3615ef0",
            "commit-date": "1348030981"
        },
        {
            "package": "swiftmailer/swiftmailer",
            "version": "dev-master",
            "alias-pretty-version": "4.2.x-dev",
            "alias-version": "4.2.9999999.9999999-dev"
        },
        {
            "package": "swiftmailer/swiftmailer",
            "version": "dev-master",
            "source-reference": "22731e907f5ca288c9bfde6b54f3611ace0a6c39",
            "commit-date": "1349196829"
        },
        {
            "package": "symfony/assetic-bundle",
            "version": "dev-master",
            "alias-pretty-version": "2.1.x-dev",
            "alias-version": "2.1.9999999.9999999-dev"
        },
        {
            "package": "symfony/assetic-bundle",
            "version": "dev-master",
            "source-reference": "5ebcf72d9b2d7028ca8c9b71b464ccc81d4795d2",
            "commit-date": "1348938560"
        },
        {
            "package": "symfony/monolog-bundle",
            "version": "dev-master",
            "alias-pretty-version": "2.1.x-dev",
            "alias-version": "2.1.9999999.9999999-dev"
        },
        {
            "package": "symfony/monolog-bundle",
            "version": "dev-master",
            "source-reference": "51517152a608926ee6b40ed8cfbba1a708f0a14f",
            "commit-date": "1348137624"
        },
        {
            "package": "symfony/swiftmailer-bundle",
            "version": "dev-master",
            "alias-pretty-version": "2.1.x-dev",
            "alias-version": "2.1.9999999.9999999-dev"
        },
        {
            "package": "symfony/swiftmailer-bundle",
            "version": "dev-master",
            "source-reference": "e055faf5d7279f3c01ffd58f1548e0fc524b71d1",
            "commit-date": "1348137776"
        },
        {
            "package": "symfony/symfony",
            "version": "2.1.x-dev",
            "source-reference": "f152170899634d9ee66292dac177186cf4696408",
            "commit-date": "1349553363"
        },
        {
            "package": "twig/extensions",
            "version": "dev-master",
            "source-reference": "f904575642b1213db69b4a98f08397e722ba1cae",
            "commit-date": "1346770278"
        },
        {
            "package": "twig/twig",
            "version": "dev-master",
            "alias-pretty-version": "1.10.x-dev",
            "alias-version": "1.10.9999999.9999999-dev"
        },
        {
            "package": "twig/twig",
            "version": "dev-master",
            "source-reference": "5d7baaf767ec3b8f6599738e7c98bde6c25cf7c1",
            "commit-date": "1349508092"
        }
    ],
    "packages-dev": null,
    "aliases": [

    ],
    "minimum-stability": "dev",
    "stability-flags": {
        "doctrine/doctrine-bundle": 20,
        "twig/extensions": 20,
        "symfony/assetic-bundle": 20,
        "symfony/swiftmailer-bundle": 20,
        "symfony/monolog-bundle": 20,
        "sensio/distribution-bundle": 20,
        "sensio/framework-extra-bundle": 20,
        "sensio/generator-bundle": 20,
        "nelmio/api-doc-bundle": 20,
        "friendsofsymfony/user-bundle": 20,
        "friendsofsymfony/rest-bundle": 20,
        "friendsofsymfony/oauth-server-bundle": 20
    }
}
